// !$*UTF8*$!
{
	archiveVersion = 1;
	classes = {
	};
	objectVersion = 55;
	objects = {

/* Begin PBXBuildFile section */
		29BC379128106D610057803F /* AppDelegate.swift in Sources */ = {isa = PBXBuildFile; fileRef = 29BC379028106D610057803F /* AppDelegate.swift */; };
		29BC379328106D610057803F /* SceneDelegate.swift in Sources */ = {isa = PBXBuildFile; fileRef = 29BC379228106D610057803F /* SceneDelegate.swift */; };
		29BC379528106D610057803F /* ViewController.swift in Sources */ = {isa = PBXBuildFile; fileRef = 29BC379428106D610057803F /* ViewController.swift */; };
		29BC379828106D610057803F /* Main.storyboard in Resources */ = {isa = PBXBuildFile; fileRef = 29BC379628106D610057803F /* Main.storyboard */; };
		29BC379A28106D620057803F /* Assets.xcassets in Resources */ = {isa = PBXBuildFile; fileRef = 29BC379928106D620057803F /* Assets.xcassets */; };
		29BC379D28106D620057803F /* LaunchScreen.storyboard in Resources */ = {isa = PBXBuildFile; fileRef = 29BC379B28106D620057803F /* LaunchScreen.storyboard */; };
		29BC37A528106EB50057803F /* GoogleService-Info.plist in Resources */ = {isa = PBXBuildFile; fileRef = 29BC37A428106EB50057803F /* GoogleService-Info.plist */; };
		29BC37A728107FFE0057803F /* FeedViewController.swift in Sources */ = {isa = PBXBuildFile; fileRef = 29BC37A628107FFE0057803F /* FeedViewController.swift */; };
		29BC37A9281080150057803F /* UploadViewController.swift in Sources */ = {isa = PBXBuildFile; fileRef = 29BC37A8281080150057803F /* UploadViewController.swift */; };
		29BC37AB281080230057803F /* SettingsViewController.swift in Sources */ = {isa = PBXBuildFile; fileRef = 29BC37AA281080230057803F /* SettingsViewController.swift */; };
		29CB20512812305A003C1CA0 /* FeedCell.swift in Sources */ = {isa = PBXBuildFile; fileRef = 29CB205028123059003C1CA0 /* FeedCell.swift */; };
		B58F0CC056DC62B29CEEA06D /* Pods_InstaCloneFirebase.framework in Frameworks */ = {isa = PBXBuildFile; fileRef = 15E11E60C0984C25426B4AED /* Pods_InstaCloneFirebase.framework */; };
/* End PBXBuildFile section */

/* Begin PBXFileReference section */
		15E11E60C0984C25426B4AED /* Pods_InstaCloneFirebase.framework */ = {isa = PBXFileReference; explicitFileType = wrapper.framework; includeInIndex = 0; path = Pods_InstaCloneFirebase.framework; sourceTree = BUILT_PRODUCTS_DIR; };
		29BC378D28106D610057803F /* InstaCloneFirebase.app */ = {isa = PBXFileReference; explicitFileType = wrapper.application; includeInIndex = 0; path = InstaCloneFirebase.app; sourceTree = BUILT_PRODUCTS_DIR; };
		29BC379028106D610057803F /* AppDelegate.swift */ = {isa = PBXFileReference; lastKnownFileType = sourcecode.swift; path = AppDelegate.swift; sourceTree = "<group>"; };
		29BC379228106D610057803F /* SceneDelegate.swift */ = {isa = PBXFileReference; lastKnownFileType = sourcecode.swift; path = SceneDelegate.swift; sourceTree = "<group>"; };
		29BC379428106D610057803F /* ViewController.swift */ = {isa = PBXFileReference; lastKnownFileType = sourcecode.swift; path = ViewController.swift; sourceTree = "<group>"; };
		29BC379728106D610057803F /* Base */ = {isa = PBXFileReference; lastKnownFileType = file.storyboard; name = Base; path = Base.lproj/Main.storyboard; sourceTree = "<group>"; };
		29BC379928106D620057803F /* Assets.xcassets */ = {isa = PBXFileReference; lastKnownFileType = folder.assetcatalog; path = Assets.xcassets; sourceTree = "<group>"; };
		29BC379C28106D620057803F /* Base */ = {isa = PBXFileReference; lastKnownFileType = file.storyboard; name = Base; path = Base.lproj/LaunchScreen.storyboard; sourceTree = "<group>"; };
		29BC379E28106D620057803F /* Info.plist */ = {isa = PBXFileReference; lastKnownFileType = text.plist.xml; path = Info.plist; sourceTree = "<group>"; };
		29BC37A428106EB50057803F /* GoogleService-Info.plist */ = {isa = PBXFileReference; fileEncoding = 4; lastKnownFileType = text.plist.xml; path = "GoogleService-Info.plist"; sourceTree = "<group>"; };
		29BC37A628107FFE0057803F /* FeedViewController.swift */ = {isa = PBXFileReference; lastKnownFileType = sourcecode.swift; path = FeedViewController.swift; sourceTree = "<group>"; };
		29BC37A8281080150057803F /* UploadViewController.swift */ = {isa = PBXFileReference; lastKnownFileType = sourcecode.swift; path = UploadViewController.swift; sourceTree = "<group>"; };
		29BC37AA281080230057803F /* SettingsViewController.swift */ = {isa = PBXFileReference; lastKnownFileType = sourcecode.swift; path = SettingsViewController.swift; sourceTree = "<group>"; };
		29CB205028123059003C1CA0 /* FeedCell.swift */ = {isa = PBXFileReference; lastKnownFileType = sourcecode.swift; path = FeedCell.swift; sourceTree = "<group>"; };
		EFBC9344EACF76129BC8B5B3 /* Pods-InstaCloneFirebase.debug.xcconfig */ = {isa = PBXFileReference; includeInIndex = 1; lastKnownFileType = text.xcconfig; name = "Pods-InstaCloneFirebase.debug.xcconfig"; path = "Target Support Files/Pods-InstaCloneFirebase/Pods-InstaCloneFirebase.debug.xcconfig"; sourceTree = "<group>"; };
		F4FBFCB8264CB966135B0E0D /* Pods-InstaCloneFirebase.release.xcconfig */ = {isa = PBXFileReference; includeInIndex = 1; lastKnownFileType = text.xcconfig; name = "Pods-InstaCloneFirebase.release.xcconfig"; path = "Target Support Files/Pods-InstaCloneFirebase/Pods-InstaCloneFirebase.release.xcconfig"; sourceTree = "<group>"; };
/* End PBXFileReference section */

/* Begin PBXFrameworksBuildPhase section */
		29BC378A28106D610057803F /* Frameworks */ = {
			isa = PBXFrameworksBuildPhase;
			buildActionMask = 2147483647;
			files = (
				B58F0CC056DC62B29CEEA06D /* Pods_InstaCloneFirebase.framework in Frameworks */,
			);
			runOnlyForDeploymentPostprocessing = 0;
		};
/* End PBXFrameworksBuildPhase section */

/* Begin PBXGroup section */
		29BC378428106D610057803F = {
			isa = PBXGroup;
			children = (
				29BC378F28106D610057803F /* InstaCloneFirebase */,
				29BC378E28106D610057803F /* Products */,
				46A3857C5D3BB1CC27E4712F /* Pods */,
				29F7A5686F5B3919F2B2ED9F /* Frameworks */,
			);
			sourceTree = "<group>";
		};
		29BC378E28106D610057803F /* Products */ = {
			isa = PBXGroup;
			children = (
				29BC378D28106D610057803F /* InstaCloneFirebase.app */,
			);
			name = Products;
			sourceTree = "<group>";
		};
		29BC378F28106D610057803F /* InstaCloneFirebase */ = {
			isa = PBXGroup;
			children = (
				29BC379028106D610057803F /* AppDelegate.swift */,
				29BC379228106D610057803F /* SceneDelegate.swift */,
				29BC379428106D610057803F /* ViewController.swift */,
				29BC37A628107FFE0057803F /* FeedViewController.swift */,
				29BC37A8281080150057803F /* UploadViewController.swift */,
				29BC37AA281080230057803F /* SettingsViewController.swift */,
				29CB205028123059003C1CA0 /* FeedCell.swift */,
				29BC379628106D610057803F /* Main.storyboard */,
				29BC379928106D620057803F /* Assets.xcassets */,
				29BC379B28106D620057803F /* LaunchScreen.storyboard */,
				29BC379E28106D620057803F /* Info.plist */,
				29BC37A428106EB50057803F /* GoogleService-Info.plist */,
			);
			path = InstaCloneFirebase;
			sourceTree = "<group>";
		};
		29F7A5686F5B3919F2B2ED9F /* Frameworks */ = {
			isa = PBXGroup;
			children = (
				15E11E60C0984C25426B4AED /* Pods_InstaCloneFirebase.framework */,
			);
			name = Frameworks;
			sourceTree = "<group>";
		};
		46A3857C5D3BB1CC27E4712F /* Pods */ = {
			isa = PBXGroup;
			children = (
				EFBC9344EACF76129BC8B5B3 /* Pods-InstaCloneFirebase.debug.xcconfig */,
				F4FBFCB8264CB966135B0E0D /* Pods-InstaCloneFirebase.release.xcconfig */,
			);
			path = Pods;
			sourceTree = "<group>";
		};
/* End PBXGroup section */

/* Begin PBXNativeTarget section */
		29BC378C28106D610057803F /* InstaCloneFirebase */ = {
			isa = PBXNativeTarget;
			buildConfigurationList = 29BC37A128106D620057803F /* Build configuration list for PBXNativeTarget "InstaCloneFirebase" */;
			buildPhases = (
				3F11E229D9B23D7EEFBBFBC0 /* [CP] Check Pods Manifest.lock */,
				29BC378928106D610057803F /* Sources */,
				29BC378A28106D610057803F /* Frameworks */,
				29BC378B28106D610057803F /* Resources */,
				27F328771EE3D29B909907BA /* [CP] Embed Pods Frameworks */,
			);
			buildRules = (
			);
			dependencies = (
			);
			name = InstaCloneFirebase;
			productName = InstaCloneFirebase;
			productReference = 29BC378D28106D610057803F /* InstaCloneFirebase.app */;
			productType = "com.apple.product-type.application";
		};
/* End PBXNativeTarget section */

/* Begin PBXProject section */
		29BC378528106D610057803F /* Project object */ = {
			isa = PBXProject;
			attributes = {
				BuildIndependentTargetsInParallel = 1;
				LastSwiftUpdateCheck = 1330;
				LastUpgradeCheck = 1330;
				TargetAttributes = {
					29BC378C28106D610057803F = {
						CreatedOnToolsVersion = 13.3.1;
					};
				};
			};
			buildConfigurationList = 29BC378828106D610057803F /* Build configuration list for PBXProject "InstaCloneFirebase" */;
			compatibilityVersion = "Xcode 13.0";
			developmentRegion = en;
			hasScannedForEncodings = 0;
			knownRegions = (
				en,
				Base,
			);
			mainGroup = 29BC378428106D610057803F;
			productRefGroup = 29BC378E28106D610057803F /* Products */;
			projectDirPath = "";
			projectRoot = "";
			targets = (
				29BC378C28106D610057803F /* InstaCloneFirebase */,
			);
		};
/* End PBXProject section */

/* Begin PBXResourcesBuildPhase section */
		29BC378B28106D610057803F /* Resources */ = {
			isa = PBXResourcesBuildPhase;
			buildActionMask = 2147483647;
			files = (
				29BC379D28106D620057803F /* LaunchScreen.storyboard in Resources */,
				29BC37A528106EB50057803F /* GoogleService-Info.plist in Resources */,
				29BC379A28106D620057803F /* Assets.xcassets in Resources */,
				29BC379828106D610057803F /* Main.storyboard in Resources */,
			);
			runOnlyForDeploymentPostprocessing = 0;
		};
/* End PBXResourcesBuildPhase section */

/* Begin PBXShellScriptBuildPhase section */
		27F328771EE3D29B909907BA /* [CP] Embed Pods Frameworks */ = {
			isa = PBXShellScriptBuildPhase;
			buildActionMask = 2147483647;
			files = (
			);
			inputFileListPaths = (
				"${PODS_ROOT}/Target Support Files/Pods-InstaCloneFirebase/Pods-InstaCloneFirebase-frameworks-${CONFIGURATION}-input-files.xcfilelist",
			);
			name = "[CP] Embed Pods Frameworks";
			outputFileListPaths = (
				"${PODS_ROOT}/Target Support Files/Pods-InstaCloneFirebase/Pods-InstaCloneFirebase-frameworks-${CONFIGURATION}-output-files.xcfilelist",
			);
			runOnlyForDeploymentPostprocessing = 0;
			shellPath = /bin/sh;
			shellScript = "\"${PODS_ROOT}/Target Support Files/Pods-InstaCloneFirebase/Pods-InstaCloneFirebase-frameworks.sh\"\n";
			showEnvVarsInLog = 0;
		};
		3F11E229D9B23D7EEFBBFBC0 /* [CP] Check Pods Manifest.lock */ = {
			isa = PBXShellScriptBuildPhase;
			buildActionMask = 2147483647;
			files = (
			);
			inputFileListPaths = (
			);
			inputPaths = (
				"${PODS_PODFILE_DIR_PATH}/Podfile.lock",
				"${PODS_ROOT}/Manifest.lock",
			);
			name = "[CP] Check Pods Manifest.lock";
			outputFileListPaths = (
			);
			outputPaths = (
				"$(DERIVED_FILE_DIR)/Pods-InstaCloneFirebase-checkManifestLockResult.txt",
			);
			runOnlyForDeploymentPostprocessing = 0;
			shellPath = /bin/sh;
			shellScript = "diff \"${PODS_PODFILE_DIR_PATH}/Podfile.lock\" \"${PODS_ROOT}/Manifest.lock\" > /dev/null\nif [ $? != 0 ] ; then\n    # print error to STDERR\n    echo \"error: The sandbox is not in sync with the Podfile.lock. Run 'pod install' or update your CocoaPods installation.\" >&2\n    exit 1\nfi\n# This output is used by Xcode 'outputs' to avoid re-running this script phase.\necho \"SUCCESS\" > \"${SCRIPT_OUTPUT_FILE_0}\"\n";
			showEnvVarsInLog = 0;
		};
/* End PBXShellScriptBuildPhase section */

/* Begin PBXSourcesBuildPhase section */
		29BC378928106D610057803F /* Sources */ = {
			isa = PBXSourcesBuildPhase;
			buildActionMask = 2147483647;
			files = (
				29CB20512812305A003C1CA0 /* FeedCell.swift in Sources */,
				29BC379528106D610057803F /* ViewController.swift in Sources */,
				29BC37A9281080150057803F /* UploadViewController.swift in Sources */,
				29BC379128106D610057803F /* AppDelegate.swift in Sources */,
				29BC37A728107FFE0057803F /* FeedViewController.swift in Sources */,
				29BC379328106D610057803F /* SceneDelegate.swift in Sources */,
				29BC37AB281080230057803F /* SettingsViewController.swift in Sources */,
			);
			runOnlyForDeploymentPostprocessing = 0;
		};
/* End PBXSourcesBuildPhase section */

/* Begin PBXVariantGroup section */
		29BC379628106D610057803F /* Main.storyboard */ = {
			isa = PBXVariantGroup;
			children = (
				29BC379728106D610057803F /* Base */,
			);
			name = Main.storyboard;
			sourceTree = "<group>";
		};
		29BC379B28106D620057803F /* LaunchScreen.storyboard */ = {
			isa = PBXVariantGroup;
			children = (
				29BC379C28106D620057803F /* Base */,
			);
			name = LaunchScreen.storyboard;
			sourceTree = "<group>";
		};
/* End PBXVariantGroup section */

/* Begin XCBuildConfiguration section */
		29BC379F28106D620057803F /* Debug */ = {
			isa = XCBuildConfiguration;
			buildSettings = {
				ALWAYS_SEARCH_USER_PATHS = NO;
				CLANG_ANALYZER_NONNULL = YES;
				CLANG_ANALYZER_NUMBER_OBJECT_CONVERSION = YES_AGGRESSIVE;
				CLANG_CXX_LANGUAGE_STANDARD = "gnu++17";
				CLANG_ENABLE_MODULES = YES;
				CLANG_ENABLE_OBJC_ARC = YES;
				CLANG_ENABLE_OBJC_WEAK = YES;
				CLANG_WARN_BLOCK_CAPTURE_AUTORELEASING = YES;
				CLANG_WARN_BOOL_CONVERSION = YES;
				CLANG_WARN_COMMA = YES;
				CLANG_WARN_CONSTANT_CONVERSION = YES;
				CLANG_WARN_DEPRECATED_OBJC_IMPLEMENTATIONS = YES;
				CLANG_WARN_DIRECT_OBJC_ISA_USAGE = YES_ERROR;
				CLANG_WARN_DOCUMENTATION_COMMENTS = YES;
				CLANG_WARN_EMPTY_BODY = YES;
				CLANG_WARN_ENUM_CONVERSION = YES;
				CLANG_WARN_INFINITE_RECURSION = YES;
				CLANG_WARN_INT_CONVERSION = YES;
				CLANG_WARN_NON_LITERAL_NULL_CONVERSION = YES;
				CLANG_WARN_OBJC_IMPLICIT_RETAIN_SELF = YES;
				CLANG_WARN_OBJC_LITERAL_CONVERSION = YES;
				CLANG_WARN_OBJC_ROOT_CLASS = YES_ERROR;
				CLANG_WARN_QUOTED_INCLUDE_IN_FRAMEWORK_HEADER = YES;
				CLANG_WARN_RANGE_LOOP_ANALYSIS = YES;
				CLANG_WARN_STRICT_PROTOTYPES = YES;
				CLANG_WARN_SUSPICIOUS_MOVE = YES;
				CLANG_WARN_UNGUARDED_AVAILABILITY = YES_AGGRESSIVE;
				CLANG_WARN_UNREACHABLE_CODE = YES;
				CLANG_WARN__DUPLICATE_METHOD_MATCH = YES;
				COPY_PHASE_STRIP = NO;
				DEBUG_INFORMATION_FORMAT = dwarf;
				ENABLE_STRICT_OBJC_MSGSEND = YES;
				ENABLE_TESTABILITY = YES;
				GCC_C_LANGUAGE_STANDARD = gnu11;
				GCC_DYNAMIC_NO_PIC = NO;
				GCC_NO_COMMON_BLOCKS = YES;
				GCC_OPTIMIZATION_LEVEL = 0;
				GCC_PREPROCESSOR_DEFINITIONS = (
					"DEBUG=1",
					"$(inherited)",
				);
				GCC_WARN_64_TO_32_BIT_CONVERSION = YES;
				GCC_WARN_ABOUT_RETURN_TYPE = YES_ERROR;
				GCC_WARN_UNDECLARED_SELECTOR = YES;
				GCC_WARN_UNINITIALIZED_AUTOS = YES_AGGRESSIVE;
				GCC_WARN_UNUSED_FUNCTION = YES;
				GCC_WARN_UNUSED_VARIABLE = YES;
				IPHONEOS_DEPLOYMENT_TARGET = 15.4;
				MTL_ENABLE_DEBUG_INFO = INCLUDE_SOURCE;
				MTL_FAST_MATH = YES;
				ONLY_ACTIVE_ARCH = YES;
				SDKROOT = iphoneos;
				SWIFT_ACTIVE_COMPILATION_CONDITIONS = DEBUG;
				SWIFT_OPTIMIZATION_LEVEL = "-Onone";
			};
			name = Debug;
		};
		29BC37A028106D620057803F /* Release */ = {
			isa = XCBuildConfiguration;
			buildSettings = {
				ALWAYS_SEARCH_USER_PATHS = NO;
				CLANG_ANALYZER_NONNULL = YES;
				CLANG_ANALYZER_NUMBER_OBJECT_CONVERSION = YES_AGGRESSIVE;
				CLANG_CXX_LANGUAGE_STANDARD = "gnu++17";
				CLANG_ENABLE_MODULES = YES;
				CLANG_ENABLE_OBJC_ARC = YES;
				CLANG_ENABLE_OBJC_WEAK = YES;
				CLANG_WARN_BLOCK_CAPTURE_AUTORELEASING = YES;
				CLANG_WARN_BOOL_CONVERSION = YES;
				CLANG_WARN_COMMA = YES;
				CLANG_WARN_CONSTANT_CONVERSION = YES;
				CLANG_WARN_DEPRECATED_OBJC_IMPLEMENTATIONS = YES;
				CLANG_WARN_DIRECT_OBJC_ISA_USAGE = YES_ERROR;
				CLANG_WARN_DOCUMENTATION_COMMENTS = YES;
				CLANG_WARN_EMPTY_BODY = YES;
				CLANG_WARN_ENUM_CONVERSION = YES;
				CLANG_WARN_INFINITE_RECURSION = YES;
				CLANG_WARN_INT_CONVERSION = YES;
				CLANG_WARN_NON_LITERAL_NULL_CONVERSION = YES;
				CLANG_WARN_OBJC_IMPLICIT_RETAIN_SELF = YES;
				CLANG_WARN_OBJC_LITERAL_CONVERSION = YES;
				CLANG_WARN_OBJC_ROOT_CLASS = YES_ERROR;
				CLANG_WARN_QUOTED_INCLUDE_IN_FRAMEWORK_HEADER = YES;
				CLANG_WARN_RANGE_LOOP_ANALYSIS = YES;
				CLANG_WARN_STRICT_PROTOTYPES = YES;
				CLANG_WARN_SUSPICIOUS_MOVE = YES;
				CLANG_WARN_UNGUARDED_AVAILABILITY = YES_AGGRESSIVE;
				CLANG_WARN_UNREACHABLE_CODE = YES;
				CLANG_WARN__DUPLICATE_METHOD_MATCH = YES;
				COPY_PHASE_STRIP = NO;
				DEBUG_INFORMATION_FORMAT = "dwarf-with-dsym";
				ENABLE_NS_ASSERTIONS = NO;
				ENABLE_STRICT_OBJC_MSGSEND = YES;
				GCC_C_LANGUAGE_STANDARD = gnu11;
				GCC_NO_COMMON_BLOCKS = YES;
				GCC_WARN_64_TO_32_BIT_CONVERSION = YES;
				GCC_WARN_ABOUT_RETURN_TYPE = YES_ERROR;
				GCC_WARN_UNDECLARED_SELECTOR = YES;
				GCC_WARN_UNINITIALIZED_AUTOS = YES_AGGRESSIVE;
				GCC_WARN_UNUSED_FUNCTION = YES;
				GCC_WARN_UNUSED_VARIABLE = YES;
				IPHONEOS_DEPLOYMENT_TARGET = 15.4;
				MTL_ENABLE_DEBUG_INFO = NO;
				MTL_FAST_MATH = YES;
				SDKROOT = iphoneos;
				SWIFT_COMPILATION_MODE = wholemodule;
				SWIFT_OPTIMIZATION_LEVEL = "-O";
				VALIDATE_PRODUCT = YES;
			};
			name = Release;
		};
		29BC37A228106D620057803F /* Debug */ = {
			isa = XCBuildConfiguration;
			baseConfigurationReference = EFBC9344EACF76129BC8B5B3 /* Pods-InstaCloneFirebase.debug.xcconfig */;
			buildSettings = {
				ASSETCATALOG_COMPILER_APPICON_NAME = AppIcon;
				ASSETCATALOG_COMPILER_GLOBAL_ACCENT_COLOR_NAME = AccentColor;
				CODE_SIGN_STYLE = Automatic;
				CURRENT_PROJECT_VERSION = 1;
				DEVELOPMENT_TEAM = Q697MV4D34;
				GENERATE_INFOPLIST_FILE = YES;
				INFOPLIST_FILE = InstaCloneFirebase/Info.plist;
				INFOPLIST_KEY_UIApplicationSupportsIndirectInputEvents = YES;
				INFOPLIST_KEY_UILaunchStoryboardName = LaunchScreen;
				INFOPLIST_KEY_UIMainStoryboardFile = Main;
				INFOPLIST_KEY_UISupportedInterfaceOrientations_iPad = "UIInterfaceOrientationPortrait UIInterfaceOrientationPortraitUpsideDown UIInterfaceOrientationLandscapeLeft UIInterfaceOrientationLandscapeRight";
				INFOPLIST_KEY_UISupportedInterfaceOrientations_iPhone = "UIInterfaceOrientationPortrait UIInterfaceOrientationLandscapeLeft UIInterfaceOrientationLandscapeRight";
				LD_RUNPATH_SEARCH_PATHS = (
					"$(inherited)",
					"@executable_path/Frameworks",
				);
				MARKETING_VERSION = 1.0;
				PRODUCT_BUNDLE_IDENTIFIER = com.melihyuvaci.InstaCloneFirebase;
				PRODUCT_NAME = "$(TARGET_NAME)";
				SWIFT_EMIT_LOC_STRINGS = YES;
				SWIFT_VERSION = 5.0;
				TARGETED_DEVICE_FAMILY = "1,2";
			};
			name = Debug;
		};
		29BC37A328106D620057803F /* Release */ = {
			isa = XCBuildConfiguration;
			baseConfigurationReference = F4FBFCB8264CB966135B0E0D /* Pods-InstaCloneFirebase.release.xcconfig */;
			buildSettings = {
				ASSETCATALOG_COMPILER_APPICON_NAME = AppIcon;
				ASSETCATALOG_COMPILER_GLOBAL_ACCENT_COLOR_NAME = AccentColor;
				CODE_SIGN_STYLE = Automatic;
				CURRENT_PROJECT_VERSION = 1;
				DEVELOPMENT_TEAM = Q697MV4D34;
				GENERATE_INFOPLIST_FILE = YES;
				INFOPLIST_FILE = InstaCloneFirebase/Info.plist;
				INFOPLIST_KEY_UIApplicationSupportsIndirectInputEvents = YES;
				INFOPLIST_KEY_UILaunchStoryboardName = LaunchScreen;
				INFOPLIST_KEY_UIMainStoryboardFile = Main;
				INFOPLIST_KEY_UISupportedInterfaceOrientations_iPad = "UIInterfaceOrientationPortrait UIInterfaceOrientationPortraitUpsideDown UIInterfaceOrientationLandscapeLeft UIInterfaceOrientationLandscapeRight";
				INFOPLIST_KEY_UISupportedInterfaceOrientations_iPhone = "UIInterfaceOrientationPortrait UIInterfaceOrientationLandscapeLeft UIInterfaceOrientationLandscapeRight";
				LD_RUNPATH_SEARCH_PATHS = (
					"$(inherited)",
					"@executable_path/Frameworks",
				);
				MARKETING_VERSION = 1.0;
				PRODUCT_BUNDLE_IDENTIFIER = com.melihyuvaci.InstaCloneFirebase;
				PRODUCT_NAME = "$(TARGET_NAME)";
				SWIFT_EMIT_LOC_STRINGS = YES;
				SWIFT_VERSION = 5.0;
				TARGETED_DEVICE_FAMILY = "1,2";
			};
			name = Release;
		};
/* End XCBuildConfiguration section */

/* Begin XCConfigurationList section */
		29BC378828106D610057803F /* Build configuration list for PBXProject "InstaCloneFirebase" */ = {
			isa = XCConfigurationList;
			buildConfigurations = (
				29BC379F28106D620057803F /* Debug */,
				29BC37A028106D620057803F /* Release */,
			);
			defaultConfigurationIsVisible = 0;
			defaultConfigurationName = Release;
		};
		29BC37A128106D620057803F /* Build configuration list for PBXNativeTarget "InstaCloneFirebase" */ = {
			isa = XCConfigurationList;
			buildConfigurations = (
				29BC37A228106D620057803F /* Debug */,
				29BC37A328106D620057803F /* Release */,
			);
			defaultConfigurationIsVisible = 0;
			defaultConfigurationName = Release;
		};
/* End XCConfigurationList section */
	};
	rootObject = 29BC378528106D610057803F /* Project object */;
}
